
Microsoft Visual Studio Solution File, Format Version 12.00
# Visual Studio Version 17
VisualStudioVersion = 17.3.32929.385
MinimumVisualStudioVersion = 10.0.40219.1
Project("{FAE04EC0-301F-11D3-BF4B-00C04F79EFBC}") = "TakeFoodAPI", "TakeFoodAPI\TakeFoodAPI.csproj", "{B1CDE28B-7125-46BB-9484-2C62063C5794}"
EndProject
Global
	GlobalSection(SolutionConfigurationPlatforms) = preSolution
		Debug|Any CPU = Debug|Any CPU
		Release|Any CPU = Release|Any CPU
	EndGlobalSection
	GlobalSection(ProjectConfigurationPlatforms) = postSolution
		{B1CDE28B-7125-46BB-9484-2C62063C5794}.Debug|Any CPU.ActiveCfg = Debug|Any CPU
		{B1CDE28B-7125-46BB-9484-2C62063C5794}.Debug|Any CPU.Build.0 = Debug|Any CPU
		{B1CDE28B-7125-46BB-9484-2C62063C5794}.Release|Any CPU.ActiveCfg = Release|Any CPU
		{B1CDE28B-7125-46BB-9484-2C62063C5794}.Release|Any CPU.Build.0 = Release|Any CPU
	EndGlobalSection
	GlobalSection(SolutionProperties) = preSolution
		HideSolutionNode = FALSE
	EndGlobalSection
	GlobalSection(ExtensibilityGlobals) = postSolution
		SolutionGuid = {6B41FC5A-D05C-4176-B2CE-87A4E177310E}
	EndGlobalSection
EndGlobal
